
Microsoft Visual Studio Solution File, Format Version 12.00
# Visual Studio 15
VisualStudioVersion = 15.0.28010.2046
MinimumVisualStudioVersion = 10.0.40219.1
Project("{FAE04EC0-301F-11D3-BF4B-00C04F79EFBC}") = "SalesTaxesTest", "SalesTaxesTest\SalesTaxesTest.csproj", "{FF4C5613-D57C-4F3E-9FD3-F4FB2347BAEE}"
EndProject
Global
	GlobalSection(SolutionConfigurationPlatforms) = preSolution
		Debug|Any CPU = Debug|Any CPU
		Release|Any CPU = Release|Any CPU
	EndGlobalSection
	GlobalSection(ProjectConfigurationPlatforms) = postSolution
		{FF4C5613-D57C-4F3E-9FD3-F4FB2347BAEE}.Debug|Any CPU.ActiveCfg = Debug|Any CPU
		{FF4C5613-D57C-4F3E-9FD3-F4FB2347BAEE}.Debug|Any CPU.Build.0 = Debug|Any CPU
		{FF4C5613-D57C-4F3E-9FD3-F4FB2347BAEE}.Release|Any CPU.ActiveCfg = Release|Any CPU
		{FF4C5613-D57C-4F3E-9FD3-F4FB2347BAEE}.Release|Any CPU.Build.0 = Release|Any CPU
	EndGlobalSection
	GlobalSection(SolutionProperties) = preSolution
		HideSolutionNode = FALSE
	EndGlobalSection
	GlobalSection(ExtensibilityGlobals) = postSolution
		SolutionGuid = {D3E21635-9271-4D2F-A7EF-E47464D3BB63}
	EndGlobalSection
EndGlobal
